
Microsoft Visual Studio Solution File, Format Version 11.00
# Visual Studio 2010
Project("{8BC9CEB8-8B4A-11D0-8D11-00A0C91BC942}") = "Cubiquity", "Core\Cubiquity.vcxproj", "{58E18F35-2592-4F54-98B7-FF7B8DE0AE1E}"
EndProject
Project("{8BC9CEB8-8B4A-11D0-8D11-00A0C91BC942}") = "CPlusPlus", "Examples\gameplay\CPlusPlus\CPlusPlus.vcxproj", "{466875D2-B11F-4FD9-794C-330F3EE018D7}"
	ProjectSection(ProjectDependencies) = postProject
		{58E18F35-2592-4F54-98B7-FF7B8DE0AE1E} = {58E18F35-2592-4F54-98B7-FF7B8DE0AE1E}
	EndProjectSection
EndProject
Project("{8BC9CEB8-8B4A-11D0-8D11-00A0C91BC942}") = "Lua", "Examples\gameplay\Lua\Lua.vcxproj", "{9246B677-8D22-24BC-65CB-3590F6458F08}"
	ProjectSection(ProjectDependencies) = postProject
		{58E18F35-2592-4F54-98B7-FF7B8DE0AE1E} = {58E18F35-2592-4F54-98B7-FF7B8DE0AE1E}
	EndProjectSection
EndProject
Project("{8BC9CEB8-8B4A-11D0-8D11-00A0C91BC942}") = "CubiquityC", "Wrappers\C\CubiquityC.vcxproj", "{4BAFE49E-7FC2-4C92-8E57-E1C3BCFF0BC4}"
	ProjectSection(ProjectDependencies) = postProject
		{58E18F35-2592-4F54-98B7-FF7B8DE0AE1E} = {58E18F35-2592-4F54-98B7-FF7B8DE0AE1E}
	EndProjectSection
EndProject
Project("{8BC9CEB8-8B4A-11D0-8D11-00A0C91BC942}") = "CubiquityCTest", "Wrappers\CubiquityCTest\CubiquityCTest.vcxproj", "{05CAC8C4-3A1A-4692-914B-27B3880E2BE6}"
	ProjectSection(ProjectDependencies) = postProject
		{4BAFE49E-7FC2-4C92-8E57-E1C3BCFF0BC4} = {4BAFE49E-7FC2-4C92-8E57-E1C3BCFF0BC4}
	EndProjectSection
EndProject
Global
	GlobalSection(SolutionConfigurationPlatforms) = preSolution
		Debug|Win32 = Debug|Win32
		Debug|x64 = Debug|x64
		DebugMem|Win32 = DebugMem|Win32
		DebugMem|x64 = DebugMem|x64
		Release|Win32 = Release|Win32
		Release|x64 = Release|x64
	EndGlobalSection
	GlobalSection(ProjectConfigurationPlatforms) = postSolution
		{58E18F35-2592-4F54-98B7-FF7B8DE0AE1E}.Debug|Win32.ActiveCfg = Debug|Win32
		{58E18F35-2592-4F54-98B7-FF7B8DE0AE1E}.Debug|Win32.Build.0 = Debug|Win32
		{58E18F35-2592-4F54-98B7-FF7B8DE0AE1E}.Debug|x64.ActiveCfg = Debug|Win32
		{58E18F35-2592-4F54-98B7-FF7B8DE0AE1E}.DebugMem|Win32.ActiveCfg = Debug|Win32
		{58E18F35-2592-4F54-98B7-FF7B8DE0AE1E}.DebugMem|Win32.Build.0 = Debug|Win32
		{58E18F35-2592-4F54-98B7-FF7B8DE0AE1E}.DebugMem|x64.ActiveCfg = Debug|Win32
		{58E18F35-2592-4F54-98B7-FF7B8DE0AE1E}.Release|Win32.ActiveCfg = Release|Win32
		{58E18F35-2592-4F54-98B7-FF7B8DE0AE1E}.Release|Win32.Build.0 = Release|Win32
		{58E18F35-2592-4F54-98B7-FF7B8DE0AE1E}.Release|x64.ActiveCfg = Release|Win32
		{466875D2-B11F-4FD9-794C-330F3EE018D7}.Debug|Win32.ActiveCfg = Debug|Win32
		{466875D2-B11F-4FD9-794C-330F3EE018D7}.Debug|Win32.Build.0 = Debug|Win32
		{466875D2-B11F-4FD9-794C-330F3EE018D7}.Debug|x64.ActiveCfg = Debug|x64
		{466875D2-B11F-4FD9-794C-330F3EE018D7}.Debug|x64.Build.0 = Debug|x64
		{466875D2-B11F-4FD9-794C-330F3EE018D7}.DebugMem|Win32.ActiveCfg = DebugMem|Win32
		{466875D2-B11F-4FD9-794C-330F3EE018D7}.DebugMem|Win32.Build.0 = DebugMem|Win32
		{466875D2-B11F-4FD9-794C-330F3EE018D7}.DebugMem|x64.ActiveCfg = DebugMem|x64
		{466875D2-B11F-4FD9-794C-330F3EE018D7}.DebugMem|x64.Build.0 = DebugMem|x64
		{466875D2-B11F-4FD9-794C-330F3EE018D7}.Release|Win32.ActiveCfg = Release|Win32
		{466875D2-B11F-4FD9-794C-330F3EE018D7}.Release|x64.ActiveCfg = Release|x64
		{466875D2-B11F-4FD9-794C-330F3EE018D7}.Release|x64.Build.0 = Release|x64
		{9246B677-8D22-24BC-65CB-3590F6458F08}.Debug|Win32.ActiveCfg = Debug|Win32
		{9246B677-8D22-24BC-65CB-3590F6458F08}.Debug|x64.ActiveCfg = Debug|x64
		{9246B677-8D22-24BC-65CB-3590F6458F08}.Debug|x64.Build.0 = Debug|x64
		{9246B677-8D22-24BC-65CB-3590F6458F08}.DebugMem|Win32.ActiveCfg = DebugMem|Win32
		{9246B677-8D22-24BC-65CB-3590F6458F08}.DebugMem|Win32.Build.0 = DebugMem|Win32
		{9246B677-8D22-24BC-65CB-3590F6458F08}.DebugMem|x64.ActiveCfg = DebugMem|x64
		{9246B677-8D22-24BC-65CB-3590F6458F08}.DebugMem|x64.Build.0 = DebugMem|x64
		{9246B677-8D22-24BC-65CB-3590F6458F08}.Release|Win32.ActiveCfg = Release|Win32
		{9246B677-8D22-24BC-65CB-3590F6458F08}.Release|x64.ActiveCfg = Release|x64
		{9246B677-8D22-24BC-65CB-3590F6458F08}.Release|x64.Build.0 = Release|x64
		{4BAFE49E-7FC2-4C92-8E57-E1C3BCFF0BC4}.Debug|Win32.ActiveCfg = Debug|Win32
		{4BAFE49E-7FC2-4C92-8E57-E1C3BCFF0BC4}.Debug|Win32.Build.0 = Debug|Win32
		{4BAFE49E-7FC2-4C92-8E57-E1C3BCFF0BC4}.Debug|x64.ActiveCfg = Debug|Win32
		{4BAFE49E-7FC2-4C92-8E57-E1C3BCFF0BC4}.DebugMem|Win32.ActiveCfg = Debug|Win32
		{4BAFE49E-7FC2-4C92-8E57-E1C3BCFF0BC4}.DebugMem|Win32.Build.0 = Debug|Win32
		{4BAFE49E-7FC2-4C92-8E57-E1C3BCFF0BC4}.DebugMem|x64.ActiveCfg = Debug|Win32
		{4BAFE49E-7FC2-4C92-8E57-E1C3BCFF0BC4}.Release|Win32.ActiveCfg = Release|Win32
		{4BAFE49E-7FC2-4C92-8E57-E1C3BCFF0BC4}.Release|Win32.Build.0 = Release|Win32
		{4BAFE49E-7FC2-4C92-8E57-E1C3BCFF0BC4}.Release|x64.ActiveCfg = Release|Win32
		{05CAC8C4-3A1A-4692-914B-27B3880E2BE6}.Debug|Win32.ActiveCfg = Debug|Win32
		{05CAC8C4-3A1A-4692-914B-27B3880E2BE6}.Debug|Win32.Build.0 = Debug|Win32
		{05CAC8C4-3A1A-4692-914B-27B3880E2BE6}.Debug|x64.ActiveCfg = Debug|Win32
		{05CAC8C4-3A1A-4692-914B-27B3880E2BE6}.DebugMem|Win32.ActiveCfg = Debug|Win32
		{05CAC8C4-3A1A-4692-914B-27B3880E2BE6}.DebugMem|Win32.Build.0 = Debug|Win32
		{05CAC8C4-3A1A-4692-914B-27B3880E2BE6}.DebugMem|x64.ActiveCfg = Debug|Win32
		{05CAC8C4-3A1A-4692-914B-27B3880E2BE6}.Release|Win32.ActiveCfg = Release|Win32
		{05CAC8C4-3A1A-4692-914B-27B3880E2BE6}.Release|Win32.Build.0 = Release|Win32
		{05CAC8C4-3A1A-4692-914B-27B3880E2BE6}.Release|x64.ActiveCfg = Release|Win32
	EndGlobalSection
	GlobalSection(SolutionProperties) = preSolution
		HideSolutionNode = FALSE
	EndGlobalSection
EndGlobal
