<?xml version="1.0" encoding="utf-8"?>
<Project ToolsVersion="4.0" xmlns="http://schemas.microsoft.com/developer/msbuild/2003">
  <ItemGroup>
    <Filter Include="res">
    </Filter>
    <Filter Include="src">
    </Filter>
    <Filter Include="PolyVox">
      <UniqueIdentifier>{d6362c29-8fb8-40ac-bd59-cd053c203e16}</UniqueIdentifier>
    </Filter>
  </ItemGroup>
  <ItemGroup>
    <None Include="game.config" />
    <None Include="icon.png" />
    <None Include="bar-descriptor.xml" />
    <None Include="res\box.dae">
      <Filter>res</Filter>
    </None>
    <None Include="res\box.gpb">
      <Filter>res</Filter>
    </None>
    <None Include="res\box.material">
      <Filter>res</Filter>
    </None>
    <None Include="res\colored.frag">
      <Filter>res</Filter>
    </None>
    <None Include="res\colored.vert">
      <Filter>res</Filter>
    </None>
    <None Include="src\volume.inl" />
  </ItemGroup>
  <ItemGroup>
    <ClInclude Include="src\Main.h">
      <Filter>src</Filter>
    </ClInclude>
    <ClInclude Include="src\Colour.h" />
    <ClInclude Include="src\ColouredCubesVolume.h" />
    <ClInclude Include="src\SmoothTerrainVolume.h" />
    <ClInclude Include="src\Volume.h" />
    <ClInclude Include="src\VolumeRegion.h" />
    <ClInclude Include="src\gameplayisquadneeded.h" />
    <ClInclude Include="src\gameplaymarchingcubescontroller.h" />
    <ClInclude Include="src\multimaterial.h" />
  </ItemGroup>
  <ItemGroup>
    <ClCompile Include="src\Main.cpp">
      <Filter>src</Filter>
    </ClCompile>
    <ClCompile Include="src\Colour.cpp" />
    <ClCompile Include="src\MultiMaterial.cpp" />
    <ClCompile Include="src\VolumeRegion.cpp" />
    <ClCompile Include="src\SmoothTerrainVolume.cpp" />
    <ClCompile Include="..\polyvox\library\PolyVoxCore\source\ArraySizes.cpp">
      <Filter>PolyVox</Filter>
    </ClCompile>
    <ClCompile Include="..\polyvox\library\PolyVoxCore\source\AStarPathfinder.cpp">
      <Filter>PolyVox</Filter>
    </ClCompile>
    <ClCompile Include="..\polyvox\library\PolyVoxCore\source\Log.cpp">
      <Filter>PolyVox</Filter>
    </ClCompile>
    <ClCompile Include="..\polyvox\library\PolyVoxCore\source\Region.cpp">
      <Filter>PolyVox</Filter>
    </ClCompile>
    <ClCompile Include="..\polyvox\library\PolyVoxCore\source\VertexTypes.cpp">
      <Filter>PolyVox</Filter>
    </ClCompile>
    <ClCompile Include="..\polyvox\library\PolyVoxCore\source\Impl\MarchingCubesTables.cpp">
      <Filter>PolyVox</Filter>
    </ClCompile>
    <ClCompile Include="..\polyvox\library\PolyVoxCore\source\Impl\RandomUnitVectors.cpp">
      <Filter>PolyVox</Filter>
    </ClCompile>
    <ClCompile Include="..\polyvox\library\PolyVoxCore\source\Impl\RandomVectors.cpp">
      <Filter>PolyVox</Filter>
    </ClCompile>
    <ClCompile Include="..\polyvox\library\PolyVoxCore\source\Impl\Utility.cpp">
      <Filter>PolyVox</Filter>
    </ClCompile>
  </ItemGroup>
</Project>