<?xml version="1.0" encoding="utf-8"?>
<Project ToolsVersion="4.0" xmlns="http://schemas.microsoft.com/developer/msbuild/2003">
  <ItemGroup>
    <Filter Include="PolyVox">
      <UniqueIdentifier>{b25a58dd-1468-4de5-9b34-cb294917dd2a}</UniqueIdentifier>
    </Filter>
    <Filter Include="Core">
      <UniqueIdentifier>{79bab3af-20cd-4450-afd4-a1ea86802fa8}</UniqueIdentifier>
    </Filter>
    <Filter Include="Core\Impl">
      <UniqueIdentifier>{1da4ee1e-0f5a-4edd-b71f-b3554a21e0f7}</UniqueIdentifier>
    </Filter>
  </ItemGroup>
  <ItemGroup>
    <ClInclude Include="..\..\polyvox\library\PolyVoxCore\include\PolyVoxCore\Impl\ArraySizesImpl.h">
      <Filter>PolyVox</Filter>
    </ClInclude>
    <ClInclude Include="..\..\polyvox\library\PolyVoxCore\include\PolyVoxCore\Impl\AStarPathfinderImpl.h">
      <Filter>PolyVox</Filter>
    </ClInclude>
    <ClInclude Include="..\..\polyvox\library\PolyVoxCore\include\PolyVoxCore\Impl\CompilerCapabilities.h">
      <Filter>PolyVox</Filter>
    </ClInclude>
    <ClInclude Include="..\..\polyvox\library\PolyVoxCore\include\PolyVoxCore\Impl\Config.h">
      <Filter>PolyVox</Filter>
    </ClInclude>
    <ClInclude Include="..\..\polyvox\library\PolyVoxCore\include\PolyVoxCore\Impl\ErrorHandling.h">
      <Filter>PolyVox</Filter>
    </ClInclude>
    <ClInclude Include="..\..\polyvox\library\PolyVoxCore\include\PolyVoxCore\Impl\MarchingCubesTables.h">
      <Filter>PolyVox</Filter>
    </ClInclude>
    <ClInclude Include="..\..\polyvox\library\PolyVoxCore\include\PolyVoxCore\Impl\RandomUnitVectors.h">
      <Filter>PolyVox</Filter>
    </ClInclude>
    <ClInclude Include="..\..\polyvox\library\PolyVoxCore\include\PolyVoxCore\Impl\RandomVectors.h">
      <Filter>PolyVox</Filter>
    </ClInclude>
    <ClInclude Include="..\..\polyvox\library\PolyVoxCore\include\PolyVoxCore\Impl\SubArray.h">
      <Filter>PolyVox</Filter>
    </ClInclude>
    <ClInclude Include="..\..\polyvox\library\PolyVoxCore\include\PolyVoxCore\Impl\TypeDef.h">
      <Filter>PolyVox</Filter>
    </ClInclude>
    <ClInclude Include="..\..\polyvox\library\PolyVoxCore\include\PolyVoxCore\Impl\Utility.h">
      <Filter>PolyVox</Filter>
    </ClInclude>
    <ClInclude Include="..\..\polyvox\library\PolyVoxCore\include\PolyVoxCore\AmbientOcclusionCalculator.h">
      <Filter>PolyVox</Filter>
    </ClInclude>
    <ClInclude Include="..\..\polyvox\library\PolyVoxCore\include\PolyVoxCore\Array.h">
      <Filter>PolyVox</Filter>
    </ClInclude>
    <ClInclude Include="..\..\polyvox\library\PolyVoxCore\include\PolyVoxCore\ArraySizes.h">
      <Filter>PolyVox</Filter>
    </ClInclude>
    <ClInclude Include="..\..\polyvox\library\PolyVoxCore\include\PolyVoxCore\AStarPathfinder.h">
      <Filter>PolyVox</Filter>
    </ClInclude>
    <ClInclude Include="..\..\polyvox\library\PolyVoxCore\include\PolyVoxCore\BaseVolume.h">
      <Filter>PolyVox</Filter>
    </ClInclude>
    <ClInclude Include="..\..\polyvox\library\PolyVoxCore\include\PolyVoxCore\Compressor.h">
      <Filter>PolyVox</Filter>
    </ClInclude>
    <ClInclude Include="..\..\polyvox\library\PolyVoxCore\include\PolyVoxCore\CubicSurfaceExtractor.h">
      <Filter>PolyVox</Filter>
    </ClInclude>
    <ClInclude Include="..\..\polyvox\library\PolyVoxCore\include\PolyVoxCore\CubicSurfaceExtractorWithNormals.h">
      <Filter>PolyVox</Filter>
    </ClInclude>
    <ClInclude Include="..\..\polyvox\library\PolyVoxCore\include\PolyVoxCore\DefaultIsQuadNeeded.h">
      <Filter>PolyVox</Filter>
    </ClInclude>
    <ClInclude Include="..\..\polyvox\library\PolyVoxCore\include\PolyVoxCore\DefaultMarchingCubesController.h">
      <Filter>PolyVox</Filter>
    </ClInclude>
    <ClInclude Include="..\..\polyvox\library\PolyVoxCore\include\PolyVoxCore\Density.h">
      <Filter>PolyVox</Filter>
    </ClInclude>
    <ClInclude Include="..\..\polyvox\library\PolyVoxCore\include\PolyVoxCore\GradientEstimators.h">
      <Filter>PolyVox</Filter>
    </ClInclude>
    <ClInclude Include="..\..\polyvox\library\PolyVoxCore\include\PolyVoxCore\Interpolation.h">
      <Filter>PolyVox</Filter>
    </ClInclude>
    <ClInclude Include="..\..\polyvox\library\PolyVoxCore\include\PolyVoxCore\IteratorController.h">
      <Filter>PolyVox</Filter>
    </ClInclude>
    <ClInclude Include="..\..\polyvox\library\PolyVoxCore\include\PolyVoxCore\LargeVolume.h">
      <Filter>PolyVox</Filter>
    </ClInclude>
    <ClInclude Include="..\..\polyvox\library\PolyVoxCore\include\PolyVoxCore\LowPassFilter.h">
      <Filter>PolyVox</Filter>
    </ClInclude>
    <ClInclude Include="..\..\polyvox\library\PolyVoxCore\include\PolyVoxCore\MarchingCubesSurfaceExtractor.h">
      <Filter>PolyVox</Filter>
    </ClInclude>
    <ClInclude Include="..\..\polyvox\library\PolyVoxCore\include\PolyVoxCore\Material.h">
      <Filter>PolyVox</Filter>
    </ClInclude>
    <ClInclude Include="..\..\polyvox\library\PolyVoxCore\include\PolyVoxCore\MaterialDensityPair.h">
      <Filter>PolyVox</Filter>
    </ClInclude>
    <ClInclude Include="..\..\polyvox\library\PolyVoxCore\include\PolyVoxCore\MinizCompressor.h">
      <Filter>PolyVox</Filter>
    </ClInclude>
    <ClInclude Include="..\..\polyvox\library\PolyVoxCore\include\PolyVoxCore\PolyVoxForwardDeclarations.h">
      <Filter>PolyVox</Filter>
    </ClInclude>
    <ClInclude Include="..\..\polyvox\library\PolyVoxCore\include\PolyVoxCore\RawVolume.h">
      <Filter>PolyVox</Filter>
    </ClInclude>
    <ClInclude Include="..\..\polyvox\library\PolyVoxCore\include\PolyVoxCore\Raycast.h">
      <Filter>PolyVox</Filter>
    </ClInclude>
    <ClInclude Include="..\..\polyvox\library\PolyVoxCore\include\PolyVoxCore\Region.h">
      <Filter>PolyVox</Filter>
    </ClInclude>
    <ClInclude Include="..\..\polyvox\library\PolyVoxCore\include\PolyVoxCore\SimpleVolume.h">
      <Filter>PolyVox</Filter>
    </ClInclude>
    <ClInclude Include="..\..\polyvox\library\PolyVoxCore\include\PolyVoxCore\SurfaceMesh.h">
      <Filter>PolyVox</Filter>
    </ClInclude>
    <ClInclude Include="..\..\polyvox\library\PolyVoxCore\include\PolyVoxCore\Vector.h">
      <Filter>PolyVox</Filter>
    </ClInclude>
    <ClInclude Include="..\..\polyvox\library\PolyVoxCore\include\PolyVoxCore\VertexTypes.h">
      <Filter>PolyVox</Filter>
    </ClInclude>
    <ClInclude Include="..\..\polyvox\library\PolyVoxCore\include\PolyVoxCore\VolumeResampler.h">
      <Filter>PolyVox</Filter>
    </ClInclude>
    <ClInclude Include="..\..\polyvox\library\PolyVoxCore\include\PolyVoxCore\VoxelFilters.h">
      <Filter>PolyVox</Filter>
    </ClInclude>
    <ClInclude Include="BackgroundTaskProcessor.h">
      <Filter>Core</Filter>
    </ClInclude>
    <ClInclude Include="Clock.h">
      <Filter>Core</Filter>
    </ClInclude>
    <ClInclude Include="Colour.h">
      <Filter>Core</Filter>
    </ClInclude>
    <ClInclude Include="ColouredCubesVolume.h">
      <Filter>Core</Filter>
    </ClInclude>
    <ClInclude Include="ColouredCubicSurfaceExtractionTask.h">
      <Filter>Core</Filter>
    </ClInclude>
    <ClInclude Include="ConcurrentQueue.h">
      <Filter>Core</Filter>
    </ClInclude>
    <ClInclude Include="CubiquityForwardDeclarations.h">
      <Filter>Core</Filter>
    </ClInclude>
    <ClInclude Include="MainThreadTaskProcessor.h">
      <Filter>Core</Filter>
    </ClInclude>
    <ClInclude Include="MultiMaterial.h">
      <Filter>Core</Filter>
    </ClInclude>
    <ClInclude Include="Octree.h">
      <Filter>Core</Filter>
    </ClInclude>
    <ClInclude Include="OctreeNode.h">
      <Filter>Core</Filter>
    </ClInclude>
    <ClInclude Include="Raycasting.h">
      <Filter>Core</Filter>
    </ClInclude>
    <ClInclude Include="Region.h">
      <Filter>Core</Filter>
    </ClInclude>
    <ClInclude Include="SmoothSurfaceExtractionTask.h">
      <Filter>Core</Filter>
    </ClInclude>
    <ClInclude Include="SmoothTerrainVolume.h">
      <Filter>Core</Filter>
    </ClInclude>
    <ClInclude Include="SmoothTerrainVolumeEditor.h">
      <Filter>Core</Filter>
    </ClInclude>
    <ClInclude Include="Task.h">
      <Filter>Core</Filter>
    </ClInclude>
    <ClInclude Include="TaskProcessor.h">
      <Filter>Core</Filter>
    </ClInclude>
    <ClInclude Include="UpdatePriorities.h">
      <Filter>Core</Filter>
    </ClInclude>
    <ClInclude Include="Vector.h">
      <Filter>Core</Filter>
    </ClInclude>
    <ClInclude Include="Volume.h">
      <Filter>Core</Filter>
    </ClInclude>
    <ClInclude Include="VolumeSerialisation.h">
      <Filter>Core</Filter>
    </ClInclude>
    <ClInclude Include="VoxelTraits.h">
      <Filter>Core</Filter>
    </ClInclude>
    <ClInclude Include="Impl\VolumePrivateAccessor.h">
      <Filter>Core\Impl</Filter>
    </ClInclude>
    <ClInclude Include="Logging.h">
      <Filter>Core</Filter>
    </ClInclude>
    <ClInclude Include="..\..\polyvox\library\PolyVoxCore\include\PolyVoxCore\FilePager.h">
      <Filter>PolyVox</Filter>
    </ClInclude>
    <ClInclude Include="..\..\polyvox\library\PolyVoxCore\include\PolyVoxCore\Pager.h">
      <Filter>PolyVox</Filter>
    </ClInclude>
    <ClInclude Include="OverrideFilePager.h">
      <Filter>Core</Filter>
    </ClInclude>
    <ClInclude Include="FileSystem.h">
      <Filter>Core</Filter>
    </ClInclude>
    <ClInclude Include="Cubiquity.h">
      <Filter>Core</Filter>
    </ClInclude>
    <ClInclude Include="..\..\polyvox\library\PolyVoxCore\include\PolyVoxCore\Impl\Timer.h">
      <Filter>PolyVox</Filter>
    </ClInclude>
    <ClInclude Include="..\..\polyvox\library\PolyVoxCore\include\PolyVoxCore\Block.h">
      <Filter>PolyVox</Filter>
    </ClInclude>
    <ClInclude Include="..\..\polyvox\library\PolyVoxCore\include\PolyVoxCore\BlockCompressor.h">
      <Filter>PolyVox</Filter>
    </ClInclude>
    <ClInclude Include="..\..\polyvox\library\PolyVoxCore\include\PolyVoxCore\CompressedBlock.h">
      <Filter>PolyVox</Filter>
    </ClInclude>
    <ClInclude Include="..\..\polyvox\library\PolyVoxCore\include\PolyVoxCore\MinizBlockCompressor.h">
      <Filter>PolyVox</Filter>
    </ClInclude>
    <ClInclude Include="..\..\polyvox\library\PolyVoxCore\include\PolyVoxCore\RLEBlockCompressor.h">
      <Filter>PolyVox</Filter>
    </ClInclude>
    <ClInclude Include="..\..\polyvox\library\PolyVoxCore\include\PolyVoxCore\UncompressedBlock.h">
      <Filter>PolyVox</Filter>
    </ClInclude>
    <ClInclude Include="..\..\polyvox\library\PolyVoxCore\include\PolyVoxCore\Picking.h">
      <Filter>PolyVox</Filter>
    </ClInclude>
    <ClInclude Include="Brush.h">
      <Filter>Core</Filter>
    </ClInclude>
  </ItemGroup>
  <ItemGroup>
    <None Include="..\..\polyvox\library\PolyVoxCore\include\PolyVoxCore\Impl\ArraySizesImpl.inl">
      <Filter>PolyVox</Filter>
    </None>
    <None Include="..\..\polyvox\library\PolyVoxCore\include\PolyVoxCore\Impl\SubArray.inl">
      <Filter>PolyVox</Filter>
    </None>
    <None Include="..\..\polyvox\library\PolyVoxCore\include\PolyVoxCore\AmbientOcclusionCalculator.inl">
      <Filter>PolyVox</Filter>
    </None>
    <None Include="..\..\polyvox\library\PolyVoxCore\include\PolyVoxCore\Array.inl">
      <Filter>PolyVox</Filter>
    </None>
    <None Include="..\..\polyvox\library\PolyVoxCore\include\PolyVoxCore\AStarPathfinder.inl">
      <Filter>PolyVox</Filter>
    </None>
    <None Include="..\..\polyvox\library\PolyVoxCore\include\PolyVoxCore\BaseVolume.inl">
      <Filter>PolyVox</Filter>
    </None>
    <None Include="..\..\polyvox\library\PolyVoxCore\include\PolyVoxCore\BaseVolumeSampler.inl">
      <Filter>PolyVox</Filter>
    </None>
    <None Include="..\..\polyvox\library\PolyVoxCore\include\PolyVoxCore\CubicSurfaceExtractor.inl">
      <Filter>PolyVox</Filter>
    </None>
    <None Include="..\..\polyvox\library\PolyVoxCore\include\PolyVoxCore\CubicSurfaceExtractorWithNormals.inl">
      <Filter>PolyVox</Filter>
    </None>
    <None Include="..\..\polyvox\library\PolyVoxCore\include\PolyVoxCore\GradientEstimators.inl">
      <Filter>PolyVox</Filter>
    </None>
    <None Include="..\..\polyvox\library\PolyVoxCore\include\PolyVoxCore\IteratorController.inl">
      <Filter>PolyVox</Filter>
    </None>
    <None Include="..\..\polyvox\library\PolyVoxCore\include\PolyVoxCore\LargeVolume.inl">
      <Filter>PolyVox</Filter>
    </None>
    <None Include="..\..\polyvox\library\PolyVoxCore\include\PolyVoxCore\LargeVolumeSampler.inl">
      <Filter>PolyVox</Filter>
    </None>
    <None Include="..\..\polyvox\library\PolyVoxCore\include\PolyVoxCore\LowPassFilter.inl">
      <Filter>PolyVox</Filter>
    </None>
    <None Include="..\..\polyvox\library\PolyVoxCore\include\PolyVoxCore\MarchingCubesSurfaceExtractor.inl">
      <Filter>PolyVox</Filter>
    </None>
    <None Include="..\..\polyvox\library\PolyVoxCore\include\PolyVoxCore\RawVolume.inl">
      <Filter>PolyVox</Filter>
    </None>
    <None Include="..\..\polyvox\library\PolyVoxCore\include\PolyVoxCore\RawVolumeSampler.inl">
      <Filter>PolyVox</Filter>
    </None>
    <None Include="..\..\polyvox\library\PolyVoxCore\include\PolyVoxCore\Raycast.inl">
      <Filter>PolyVox</Filter>
    </None>
    <None Include="..\..\polyvox\library\PolyVoxCore\include\PolyVoxCore\SimpleVolume.inl">
      <Filter>PolyVox</Filter>
    </None>
    <None Include="..\..\polyvox\library\PolyVoxCore\include\PolyVoxCore\SimpleVolumeBlock.inl">
      <Filter>PolyVox</Filter>
    </None>
    <None Include="..\..\polyvox\library\PolyVoxCore\include\PolyVoxCore\SimpleVolumeSampler.inl">
      <Filter>PolyVox</Filter>
    </None>
    <None Include="..\..\polyvox\library\PolyVoxCore\include\PolyVoxCore\SurfaceMesh.inl">
      <Filter>PolyVox</Filter>
    </None>
    <None Include="..\..\polyvox\library\PolyVoxCore\include\PolyVoxCore\Vector.inl">
      <Filter>PolyVox</Filter>
    </None>
    <None Include="..\..\polyvox\library\PolyVoxCore\include\PolyVoxCore\VolumeResampler.inl">
      <Filter>PolyVox</Filter>
    </None>
    <None Include="..\..\polyvox\library\PolyVoxCore\include\PolyVoxCore\VoxelFilters.inl">
      <Filter>PolyVox</Filter>
    </None>
    <None Include="Octree.inl">
      <Filter>Core</Filter>
    </None>
    <None Include="OctreeNode.inl">
      <Filter>Core</Filter>
    </None>
    <None Include="Volume.inl">
      <Filter>Core</Filter>
    </None>
    <None Include="OverrideFilePager.inl">
      <Filter>Core</Filter>
    </None>
    <None Include="..\..\polyvox\library\PolyVoxCore\include\PolyVoxCore\CompressedBlock.inl">
      <Filter>PolyVox</Filter>
    </None>
    <None Include="..\..\polyvox\library\PolyVoxCore\include\PolyVoxCore\MinizBlockCompressor.inl">
      <Filter>PolyVox</Filter>
    </None>
    <None Include="..\..\polyvox\library\PolyVoxCore\include\PolyVoxCore\RLEBlockCompressor.inl">
      <Filter>PolyVox</Filter>
    </None>
    <None Include="..\..\polyvox\library\PolyVoxCore\include\PolyVoxCore\UncompressedBlock.inl">
      <Filter>PolyVox</Filter>
    </None>
    <None Include="..\..\polyvox\library\PolyVoxCore\include\PolyVoxCore\Picking.inl">
      <Filter>PolyVox</Filter>
    </None>
  </ItemGroup>
  <ItemGroup>
    <ClCompile Include="..\..\polyvox\library\PolyVoxCore\source\Impl\ErrorHandling.cpp">
      <Filter>PolyVox</Filter>
    </ClCompile>
    <ClCompile Include="..\..\polyvox\library\PolyVoxCore\source\Impl\MarchingCubesTables.cpp">
      <Filter>PolyVox</Filter>
    </ClCompile>
    <ClCompile Include="..\..\polyvox\library\PolyVoxCore\source\Impl\RandomUnitVectors.cpp">
      <Filter>PolyVox</Filter>
    </ClCompile>
    <ClCompile Include="..\..\polyvox\library\PolyVoxCore\source\Impl\RandomVectors.cpp">
      <Filter>PolyVox</Filter>
    </ClCompile>
    <ClCompile Include="..\..\polyvox\library\PolyVoxCore\source\Impl\Utility.cpp">
      <Filter>PolyVox</Filter>
    </ClCompile>
    <ClCompile Include="..\..\polyvox\library\PolyVoxCore\source\ArraySizes.cpp">
      <Filter>PolyVox</Filter>
    </ClCompile>
    <ClCompile Include="..\..\polyvox\library\PolyVoxCore\source\AStarPathfinder.cpp">
      <Filter>PolyVox</Filter>
    </ClCompile>
    <ClCompile Include="..\..\polyvox\library\PolyVoxCore\source\MinizCompressor.cpp">
      <Filter>PolyVox</Filter>
    </ClCompile>
    <ClCompile Include="..\..\polyvox\library\PolyVoxCore\source\Region.cpp">
      <Filter>PolyVox</Filter>
    </ClCompile>
    <ClCompile Include="..\..\polyvox\library\PolyVoxCore\source\VertexTypes.cpp">
      <Filter>PolyVox</Filter>
    </ClCompile>
    <ClCompile Include="BackgroundTaskProcessor.cpp">
      <Filter>Core</Filter>
    </ClCompile>
    <ClCompile Include="Clock.cpp">
      <Filter>Core</Filter>
    </ClCompile>
    <ClCompile Include="Colour.cpp">
      <Filter>Core</Filter>
    </ClCompile>
    <ClCompile Include="ColouredCubesVolume.cpp">
      <Filter>Core</Filter>
    </ClCompile>
    <ClCompile Include="ColouredCubicSurfaceExtractionTask.cpp">
      <Filter>Core</Filter>
    </ClCompile>
    <ClCompile Include="MainThreadTaskProcessor.cpp">
      <Filter>Core</Filter>
    </ClCompile>
    <ClCompile Include="MultiMaterial.cpp">
      <Filter>Core</Filter>
    </ClCompile>
    <ClCompile Include="SmoothSurfaceExtractionTask.cpp">
      <Filter>Core</Filter>
    </ClCompile>
    <ClCompile Include="SmoothTerrainVolume.cpp">
      <Filter>Core</Filter>
    </ClCompile>
    <ClCompile Include="SmoothTerrainVolumeEditor.cpp">
      <Filter>Core</Filter>
    </ClCompile>
    <ClCompile Include="Task.cpp">
      <Filter>Core</Filter>
    </ClCompile>
    <ClCompile Include="VolumeSerialisation.cpp">
      <Filter>Core</Filter>
    </ClCompile>
    <ClCompile Include="Logging.cpp">
      <Filter>Core</Filter>
    </ClCompile>
    <ClCompile Include="FileSystem.cpp">
      <Filter>Core</Filter>
    </ClCompile>
    <ClCompile Include="..\..\polyvox\library\PolyVoxCore\source\Impl\Timer.cpp">
      <Filter>PolyVox</Filter>
    </ClCompile>
    <ClCompile Include="Raycasting.cpp">
      <Filter>Core</Filter>
    </ClCompile>
    <ClCompile Include="Brush.cpp">
      <Filter>Core</Filter>
    </ClCompile>
  </ItemGroup>
</Project>