<?xml version="1.0" encoding="utf-8"?>
<Project ToolsVersion="4.0" xmlns="http://schemas.microsoft.com/developer/msbuild/2003">
  <ItemGroup>
    <Filter Include="Source Files">
      <UniqueIdentifier>{4FC737F1-C7A5-4376-A066-2A32D752A2FF}</UniqueIdentifier>
      <Extensions>cpp;c;cc;cxx;def;odl;idl;hpj;bat;asm;asmx</Extensions>
    </Filter>
    <Filter Include="Header Files">
      <UniqueIdentifier>{93995380-89BD-4b04-88EB-625FBE52EBFB}</UniqueIdentifier>
      <Extensions>h;hpp;hxx;hm;inl;inc;xsd</Extensions>
    </Filter>
    <Filter Include="Resource Files">
      <UniqueIdentifier>{67DA6AB6-F800-4c08-8B7A-83BB121AAD01}</UniqueIdentifier>
      <Extensions>rc;ico;cur;bmp;dlg;rc2;rct;bin;rgs;gif;jpg;jpeg;jpe;resx;tiff;tif;png;wav;mfcribbon-ms</Extensions>
    </Filter>
    <Filter Include="Core">
      <UniqueIdentifier>{9d91701a-06df-41e4-8dd1-6c677418fe2a}</UniqueIdentifier>
    </Filter>
    <Filter Include="PolyVox">
      <UniqueIdentifier>{cb99a078-f7f8-4485-ba91-6787c1f2afd2}</UniqueIdentifier>
    </Filter>
  </ItemGroup>
  <ItemGroup>
    <ClCompile Include="main.cpp">
      <Filter>Source Files</Filter>
    </ClCompile>
    <ClCompile Include="..\..\..\Core\Colour.cpp">
      <Filter>Core</Filter>
    </ClCompile>
    <ClCompile Include="..\..\..\Core\ColouredCubesVolume.cpp">
      <Filter>Core</Filter>
    </ClCompile>
    <ClCompile Include="..\..\..\Core\CubiquityUtility.cpp">
      <Filter>Core</Filter>
    </ClCompile>
    <ClCompile Include="..\..\..\Core\MultiMaterial.cpp">
      <Filter>Core</Filter>
    </ClCompile>
    <ClCompile Include="..\..\..\Core\OctreeNode.cpp">
      <Filter>Core</Filter>
    </ClCompile>
    <ClCompile Include="..\..\..\Core\SmoothTerrainVolume.cpp">
      <Filter>Core</Filter>
    </ClCompile>
    <ClCompile Include="..\..\..\Core\SmoothTerrainVolumeEditor.cpp">
      <Filter>Core</Filter>
    </ClCompile>
    <ClCompile Include="..\..\..\..\polyvox\library\PolyVoxCore\source\Impl\ErrorHandling.cpp">
      <Filter>PolyVox</Filter>
    </ClCompile>
    <ClCompile Include="..\..\..\..\polyvox\library\PolyVoxCore\source\Impl\MarchingCubesTables.cpp">
      <Filter>PolyVox</Filter>
    </ClCompile>
    <ClCompile Include="..\..\..\..\polyvox\library\PolyVoxCore\source\Impl\RandomUnitVectors.cpp">
      <Filter>PolyVox</Filter>
    </ClCompile>
    <ClCompile Include="..\..\..\..\polyvox\library\PolyVoxCore\source\Impl\RandomVectors.cpp">
      <Filter>PolyVox</Filter>
    </ClCompile>
    <ClCompile Include="..\..\..\..\polyvox\library\PolyVoxCore\source\Impl\Utility.cpp">
      <Filter>PolyVox</Filter>
    </ClCompile>
    <ClCompile Include="..\..\..\..\polyvox\library\PolyVoxCore\source\ArraySizes.cpp">
      <Filter>PolyVox</Filter>
    </ClCompile>
    <ClCompile Include="..\..\..\..\polyvox\library\PolyVoxCore\source\AStarPathfinder.cpp">
      <Filter>PolyVox</Filter>
    </ClCompile>
    <ClCompile Include="..\..\..\..\polyvox\library\PolyVoxCore\source\Log.cpp">
      <Filter>PolyVox</Filter>
    </ClCompile>
    <ClCompile Include="..\..\..\..\polyvox\library\PolyVoxCore\source\Region.cpp">
      <Filter>PolyVox</Filter>
    </ClCompile>
    <ClCompile Include="..\..\..\..\polyvox\library\PolyVoxCore\source\VertexTypes.cpp">
      <Filter>PolyVox</Filter>
    </ClCompile>
  </ItemGroup>
  <ItemGroup>
    <ClInclude Include="..\..\..\Core\Colour.h">
      <Filter>Core</Filter>
    </ClInclude>
    <ClInclude Include="..\..\..\Core\ColouredCubesIsQuadNeeded.h">
      <Filter>Core</Filter>
    </ClInclude>
    <ClInclude Include="..\..\..\Core\ColouredCubesVolume.h">
      <Filter>Core</Filter>
    </ClInclude>
    <ClInclude Include="..\..\..\Core\CubiquityUtility.h">
      <Filter>Core</Filter>
    </ClInclude>
    <ClInclude Include="..\..\..\Core\MultiMaterial.h">
      <Filter>Core</Filter>
    </ClInclude>
    <ClInclude Include="..\..\..\Core\MultiMaterialMarchingCubesController.h">
      <Filter>Core</Filter>
    </ClInclude>
    <ClInclude Include="..\..\..\Core\OctreeNode.h">
      <Filter>Core</Filter>
    </ClInclude>
    <ClInclude Include="..\..\..\Core\Raycasting.h">
      <Filter>Core</Filter>
    </ClInclude>
    <ClInclude Include="..\..\..\Core\SmoothTerrainVolume.h">
      <Filter>Core</Filter>
    </ClInclude>
    <ClInclude Include="..\..\..\Core\SmoothTerrainVolumeEditor.h">
      <Filter>Core</Filter>
    </ClInclude>
    <ClInclude Include="..\..\..\Core\Volume.h">
      <Filter>Core</Filter>
    </ClInclude>
    <ClInclude Include="..\..\..\Core\VolumeSerialisation.h">
      <Filter>Core</Filter>
    </ClInclude>
    <ClInclude Include="..\..\..\..\polyvox\library\PolyVoxCore\include\PolyVoxCore\Impl\ArraySizesImpl.h">
      <Filter>PolyVox</Filter>
    </ClInclude>
    <ClInclude Include="..\..\..\..\polyvox\library\PolyVoxCore\include\PolyVoxCore\Impl\AStarPathfinderImpl.h">
      <Filter>PolyVox</Filter>
    </ClInclude>
    <ClInclude Include="..\..\..\..\polyvox\library\PolyVoxCore\include\PolyVoxCore\Impl\Block.h">
      <Filter>PolyVox</Filter>
    </ClInclude>
    <ClInclude Include="..\..\..\..\polyvox\library\PolyVoxCore\include\PolyVoxCore\Impl\CompilerCapabilities.h">
      <Filter>PolyVox</Filter>
    </ClInclude>
    <ClInclude Include="..\..\..\..\polyvox\library\PolyVoxCore\include\PolyVoxCore\Impl\Config.h">
      <Filter>PolyVox</Filter>
    </ClInclude>
    <ClInclude Include="..\..\..\..\polyvox\library\PolyVoxCore\include\PolyVoxCore\Impl\ErrorHandling.h">
      <Filter>PolyVox</Filter>
    </ClInclude>
    <ClInclude Include="..\..\..\..\polyvox\library\PolyVoxCore\include\PolyVoxCore\Impl\MarchingCubesTables.h">
      <Filter>PolyVox</Filter>
    </ClInclude>
    <ClInclude Include="..\..\..\..\polyvox\library\PolyVoxCore\include\PolyVoxCore\Impl\RandomUnitVectors.h">
      <Filter>PolyVox</Filter>
    </ClInclude>
    <ClInclude Include="..\..\..\..\polyvox\library\PolyVoxCore\include\PolyVoxCore\Impl\RandomVectors.h">
      <Filter>PolyVox</Filter>
    </ClInclude>
    <ClInclude Include="..\..\..\..\polyvox\library\PolyVoxCore\include\PolyVoxCore\Impl\SubArray.h">
      <Filter>PolyVox</Filter>
    </ClInclude>
    <ClInclude Include="..\..\..\..\polyvox\library\PolyVoxCore\include\PolyVoxCore\Impl\TypeDef.h">
      <Filter>PolyVox</Filter>
    </ClInclude>
    <ClInclude Include="..\..\..\..\polyvox\library\PolyVoxCore\include\PolyVoxCore\Impl\Utility.h">
      <Filter>PolyVox</Filter>
    </ClInclude>
    <ClInclude Include="..\..\..\..\polyvox\library\PolyVoxCore\include\PolyVoxCore\AmbientOcclusionCalculator.h">
      <Filter>PolyVox</Filter>
    </ClInclude>
    <ClInclude Include="..\..\..\..\polyvox\library\PolyVoxCore\include\PolyVoxCore\Array.h">
      <Filter>PolyVox</Filter>
    </ClInclude>
    <ClInclude Include="..\..\..\..\polyvox\library\PolyVoxCore\include\PolyVoxCore\ArraySizes.h">
      <Filter>PolyVox</Filter>
    </ClInclude>
    <ClInclude Include="..\..\..\..\polyvox\library\PolyVoxCore\include\PolyVoxCore\AStarPathfinder.h">
      <Filter>PolyVox</Filter>
    </ClInclude>
    <ClInclude Include="..\..\..\..\polyvox\library\PolyVoxCore\include\PolyVoxCore\BaseVolume.h">
      <Filter>PolyVox</Filter>
    </ClInclude>
    <ClInclude Include="..\..\..\..\polyvox\library\PolyVoxCore\include\PolyVoxCore\ConstVolumeProxy.h">
      <Filter>PolyVox</Filter>
    </ClInclude>
    <ClInclude Include="..\..\..\..\polyvox\library\PolyVoxCore\include\PolyVoxCore\CubicSurfaceExtractor.h">
      <Filter>PolyVox</Filter>
    </ClInclude>
    <ClInclude Include="..\..\..\..\polyvox\library\PolyVoxCore\include\PolyVoxCore\CubicSurfaceExtractorWithNormals.h">
      <Filter>PolyVox</Filter>
    </ClInclude>
    <ClInclude Include="..\..\..\..\polyvox\library\PolyVoxCore\include\PolyVoxCore\DefaultIsQuadNeeded.h">
      <Filter>PolyVox</Filter>
    </ClInclude>
    <ClInclude Include="..\..\..\..\polyvox\library\PolyVoxCore\include\PolyVoxCore\DefaultMarchingCubesController.h">
      <Filter>PolyVox</Filter>
    </ClInclude>
    <ClInclude Include="..\..\..\..\polyvox\library\PolyVoxCore\include\PolyVoxCore\Density.h">
      <Filter>PolyVox</Filter>
    </ClInclude>
    <ClInclude Include="..\..\..\..\polyvox\library\PolyVoxCore\include\PolyVoxCore\GradientEstimators.h">
      <Filter>PolyVox</Filter>
    </ClInclude>
    <ClInclude Include="..\..\..\..\polyvox\library\PolyVoxCore\include\PolyVoxCore\Interpolation.h">
      <Filter>PolyVox</Filter>
    </ClInclude>
    <ClInclude Include="..\..\..\..\polyvox\library\PolyVoxCore\include\PolyVoxCore\IteratorController.h">
      <Filter>PolyVox</Filter>
    </ClInclude>
    <ClInclude Include="..\..\..\..\polyvox\library\PolyVoxCore\include\PolyVoxCore\LargeVolume.h">
      <Filter>PolyVox</Filter>
    </ClInclude>
    <ClInclude Include="..\..\..\..\polyvox\library\PolyVoxCore\include\PolyVoxCore\Log.h">
      <Filter>PolyVox</Filter>
    </ClInclude>
    <ClInclude Include="..\..\..\..\polyvox\library\PolyVoxCore\include\PolyVoxCore\LowPassFilter.h">
      <Filter>PolyVox</Filter>
    </ClInclude>
    <ClInclude Include="..\..\..\..\polyvox\library\PolyVoxCore\include\PolyVoxCore\MarchingCubesSurfaceExtractor.h">
      <Filter>PolyVox</Filter>
    </ClInclude>
    <ClInclude Include="..\..\..\..\polyvox\library\PolyVoxCore\include\PolyVoxCore\Material.h">
      <Filter>PolyVox</Filter>
    </ClInclude>
    <ClInclude Include="..\..\..\..\polyvox\library\PolyVoxCore\include\PolyVoxCore\MaterialDensityPair.h">
      <Filter>PolyVox</Filter>
    </ClInclude>
    <ClInclude Include="..\..\..\..\polyvox\library\PolyVoxCore\include\PolyVoxCore\PolyVoxForwardDeclarations.h">
      <Filter>PolyVox</Filter>
    </ClInclude>
    <ClInclude Include="..\..\..\..\polyvox\library\PolyVoxCore\include\PolyVoxCore\RawVolume.h">
      <Filter>PolyVox</Filter>
    </ClInclude>
    <ClInclude Include="..\..\..\..\polyvox\library\PolyVoxCore\include\PolyVoxCore\Raycast.h">
      <Filter>PolyVox</Filter>
    </ClInclude>
    <ClInclude Include="..\..\..\..\polyvox\library\PolyVoxCore\include\PolyVoxCore\Region.h">
      <Filter>PolyVox</Filter>
    </ClInclude>
    <ClInclude Include="..\..\..\..\polyvox\library\PolyVoxCore\include\PolyVoxCore\SimpleVolume.h">
      <Filter>PolyVox</Filter>
    </ClInclude>
    <ClInclude Include="..\..\..\..\polyvox\library\PolyVoxCore\include\PolyVoxCore\SurfaceMesh.h">
      <Filter>PolyVox</Filter>
    </ClInclude>
    <ClInclude Include="..\..\..\..\polyvox\library\PolyVoxCore\include\PolyVoxCore\Vector.h">
      <Filter>PolyVox</Filter>
    </ClInclude>
    <ClInclude Include="..\..\..\..\polyvox\library\PolyVoxCore\include\PolyVoxCore\VertexTypes.h">
      <Filter>PolyVox</Filter>
    </ClInclude>
    <ClInclude Include="..\..\..\..\polyvox\library\PolyVoxCore\include\PolyVoxCore\VolumeResampler.h">
      <Filter>PolyVox</Filter>
    </ClInclude>
    <ClInclude Include="..\..\..\..\polyvox\library\PolyVoxCore\include\PolyVoxCore\VoxelFilters.h">
      <Filter>PolyVox</Filter>
    </ClInclude>
  </ItemGroup>
  <ItemGroup>
    <None Include="..\..\..\Core\Volume.inl">
      <Filter>Core</Filter>
    </None>
    <None Include="..\..\..\..\polyvox\library\PolyVoxCore\include\PolyVoxCore\Impl\ArraySizesImpl.inl">
      <Filter>PolyVox</Filter>
    </None>
    <None Include="..\..\..\..\polyvox\library\PolyVoxCore\include\PolyVoxCore\Impl\Block.inl">
      <Filter>PolyVox</Filter>
    </None>
    <None Include="..\..\..\..\polyvox\library\PolyVoxCore\include\PolyVoxCore\Impl\SubArray.inl">
      <Filter>PolyVox</Filter>
    </None>
    <None Include="..\..\..\..\polyvox\library\PolyVoxCore\include\PolyVoxCore\AmbientOcclusionCalculator.inl">
      <Filter>PolyVox</Filter>
    </None>
    <None Include="..\..\..\..\polyvox\library\PolyVoxCore\include\PolyVoxCore\Array.inl">
      <Filter>PolyVox</Filter>
    </None>
    <None Include="..\..\..\..\polyvox\library\PolyVoxCore\include\PolyVoxCore\AStarPathfinder.inl">
      <Filter>PolyVox</Filter>
    </None>
    <None Include="..\..\..\..\polyvox\library\PolyVoxCore\include\PolyVoxCore\BaseVolume.inl">
      <Filter>PolyVox</Filter>
    </None>
    <None Include="..\..\..\..\polyvox\library\PolyVoxCore\include\PolyVoxCore\BaseVolumeSampler.inl">
      <Filter>PolyVox</Filter>
    </None>
    <None Include="..\..\..\..\polyvox\library\PolyVoxCore\include\PolyVoxCore\CubicSurfaceExtractor.inl">
      <Filter>PolyVox</Filter>
    </None>
    <None Include="..\..\..\..\polyvox\library\PolyVoxCore\include\PolyVoxCore\CubicSurfaceExtractorWithNormals.inl">
      <Filter>PolyVox</Filter>
    </None>
    <None Include="..\..\..\..\polyvox\library\PolyVoxCore\include\PolyVoxCore\GradientEstimators.inl">
      <Filter>PolyVox</Filter>
    </None>
    <None Include="..\..\..\..\polyvox\library\PolyVoxCore\include\PolyVoxCore\IteratorController.inl">
      <Filter>PolyVox</Filter>
    </None>
    <None Include="..\..\..\..\polyvox\library\PolyVoxCore\include\PolyVoxCore\LargeVolume.inl">
      <Filter>PolyVox</Filter>
    </None>
    <None Include="..\..\..\..\polyvox\library\PolyVoxCore\include\PolyVoxCore\LargeVolumeSampler.inl">
      <Filter>PolyVox</Filter>
    </None>
    <None Include="..\..\..\..\polyvox\library\PolyVoxCore\include\PolyVoxCore\LowPassFilter.inl">
      <Filter>PolyVox</Filter>
    </None>
    <None Include="..\..\..\..\polyvox\library\PolyVoxCore\include\PolyVoxCore\MarchingCubesSurfaceExtractor.inl">
      <Filter>PolyVox</Filter>
    </None>
    <None Include="..\..\..\..\polyvox\library\PolyVoxCore\include\PolyVoxCore\RawVolume.inl">
      <Filter>PolyVox</Filter>
    </None>
    <None Include="..\..\..\..\polyvox\library\PolyVoxCore\include\PolyVoxCore\RawVolumeSampler.inl">
      <Filter>PolyVox</Filter>
    </None>
    <None Include="..\..\..\..\polyvox\library\PolyVoxCore\include\PolyVoxCore\Raycast.inl">
      <Filter>PolyVox</Filter>
    </None>
    <None Include="..\..\..\..\polyvox\library\PolyVoxCore\include\PolyVoxCore\SimpleVolume.inl">
      <Filter>PolyVox</Filter>
    </None>
    <None Include="..\..\..\..\polyvox\library\PolyVoxCore\include\PolyVoxCore\SimpleVolumeBlock.inl">
      <Filter>PolyVox</Filter>
    </None>
    <None Include="..\..\..\..\polyvox\library\PolyVoxCore\include\PolyVoxCore\SimpleVolumeSampler.inl">
      <Filter>PolyVox</Filter>
    </None>
    <None Include="..\..\..\..\polyvox\library\PolyVoxCore\include\PolyVoxCore\SurfaceMesh.inl">
      <Filter>PolyVox</Filter>
    </None>
    <None Include="..\..\..\..\polyvox\library\PolyVoxCore\include\PolyVoxCore\Vector.inl">
      <Filter>PolyVox</Filter>
    </None>
    <None Include="..\..\..\..\polyvox\library\PolyVoxCore\include\PolyVoxCore\VolumeResampler.inl">
      <Filter>PolyVox</Filter>
    </None>
    <None Include="..\..\..\..\polyvox\library\PolyVoxCore\include\PolyVoxCore\VoxelFilters.inl">
      <Filter>PolyVox</Filter>
    </None>
  </ItemGroup>
</Project>