<?xml version="1.0" encoding="utf-8"?>
<Project ToolsVersion="4.0" xmlns="http://schemas.microsoft.com/developer/msbuild/2003">
  <ItemGroup>
    <Filter Include="res">
    </Filter>
    <Filter Include="src">
    </Filter>
    <Filter Include="Bridge">
      <UniqueIdentifier>{ba71da2a-25b6-4aee-876b-2f6867893485}</UniqueIdentifier>
    </Filter>
    <Filter Include="Bridge\Impl">
      <UniqueIdentifier>{17616ea6-e414-4e1b-8e1d-7634d61ce7b3}</UniqueIdentifier>
    </Filter>
  </ItemGroup>
  <ItemGroup>
    <None Include="game.config" />
    <None Include="icon.png" />
    <None Include="bar-descriptor.xml" />
    <None Include="res\box.dae">
      <Filter>res</Filter>
    </None>
    <None Include="res\box.gpb">
      <Filter>res</Filter>
    </None>
    <None Include="res\box.material">
      <Filter>res</Filter>
    </None>
    <None Include="res\colored.frag">
      <Filter>res</Filter>
    </None>
    <None Include="res\colored.vert">
      <Filter>res</Filter>
    </None>
  </ItemGroup>
  <ItemGroup>
    <ClInclude Include="src\Main.h">
      <Filter>src</Filter>
    </ClInclude>
    <ClInclude Include="..\..\..\Bridges\gameplay\Impl\ExtraNodeData.h">
      <Filter>Bridge\Impl</Filter>
    </ClInclude>
    <ClInclude Include="..\..\..\Bridges\gameplay\Impl\GameplayVolume.h">
      <Filter>Bridge\Impl</Filter>
    </ClInclude>
    <ClInclude Include="..\..\..\Bridges\gameplay\GameplayColouredCubesVolume.h">
      <Filter>Bridge</Filter>
    </ClInclude>
    <ClInclude Include="..\..\..\Bridges\gameplay\GameplayRaycasting.h">
      <Filter>Bridge</Filter>
    </ClInclude>
    <ClInclude Include="..\..\..\Bridges\gameplay\GameplaySmoothTerrainVolume.h">
      <Filter>Bridge</Filter>
    </ClInclude>
    <ClInclude Include="..\..\..\Bridges\gameplay\GameplaySmoothTerrainVolumeEditor.h">
      <Filter>Bridge</Filter>
    </ClInclude>
    <ClInclude Include="..\..\..\Bridges\gameplay\GameplayVolumeSerialisation.h">
      <Filter>Bridge</Filter>
    </ClInclude>
  </ItemGroup>
  <ItemGroup>
    <ClCompile Include="src\Main.cpp">
      <Filter>src</Filter>
    </ClCompile>
    <ClCompile Include="..\..\..\Bridges\gameplay\GameplayColouredCubesVolume.cpp">
      <Filter>Bridge</Filter>
    </ClCompile>
    <ClCompile Include="..\..\..\Bridges\gameplay\GameplayRaycasting.cpp">
      <Filter>Bridge</Filter>
    </ClCompile>
    <ClCompile Include="..\..\..\Bridges\gameplay\GameplaySmoothTerrainVolume.cpp">
      <Filter>Bridge</Filter>
    </ClCompile>
    <ClCompile Include="..\..\..\Bridges\gameplay\GameplaySmoothTerrainVolumeEditor.cpp">
      <Filter>Bridge</Filter>
    </ClCompile>
  </ItemGroup>
</Project>